github.com/sithuaung/go-distributed-task-queue/otel v0.0.0-20250129031846-c9f3d004e36c h1:mKnFfY+T2Yc3VUHdk2eaZOCsvcyUKBkCmaw33mwKUB8=
github.com/sithuaung/go-distributed-task-queue/otel v0.0.0-20250129031846-c9f3d004e36c/go.mod h1:mrpzIw5vbYHkr/4n3CMuqODL/V+Vu230irLNHt76/Wk=
github.com/streadway/amqp v1.1.0 h1:py12iX8XSyI7aN/3dUT8DFIDJazNJsVJdxNVEpnQTZM=
github.com/streadway/amqp v1.1.0/go.mod h1:WYSrTEYHOXHd0nwFeUXAe2G2hRnQT+deZJJf88uS9Bg=
